
Microsoft Visual Studio Solution File, Format Version 12.00
# Visual Studio 15
Project("{FAE04EC0-301F-11D3-BF4B-00C04F79EFBC}") = "Boss-Vengence-Revive", "Boss-Vengence-Revive.csproj", "{BBD465FA-C425-4113-ADBA-6DE029808130}"
EndProject
Global
	GlobalSection(SolutionConfigurationPlatforms) = preSolution
		Debug|Any CPU = Debug|Any CPU
		Release|Any CPU = Release|Any CPU
	EndGlobalSection
	GlobalSection(ProjectConfigurationPlatforms) = postSolution
		{BBD465FA-C425-4113-ADBA-6DE029808130}.Debug|Any CPU.ActiveCfg = Debug|Any CPU
		{BBD465FA-C425-4113-ADBA-6DE029808130}.Debug|Any CPU.Build.0 = Debug|Any CPU
		{BBD465FA-C425-4113-ADBA-6DE029808130}.Release|Any CPU.ActiveCfg = Release|Any CPU
		{BBD465FA-C425-4113-ADBA-6DE029808130}.Release|Any CPU.Build.0 = Release|Any CPU
	EndGlobalSection
EndGlobal
